
Microsoft Visual Studio Solution File, Format Version 12.00
# Visual Studio Version 17
VisualStudioVersion = 17.0.31611.283
MinimumVisualStudioVersion = 10.0.40219.1
Project("{9A19103F-16F7-4668-BE54-9A1E7A4F7556}") = "Demo", "Demo\Demo.csproj", "{E352AF95-2F00-4999-A92F-FE024DF8C980}"
EndProject
Project("{FAE04EC0-301F-11D3-BF4B-00C04F79EFBC}") = "BlazorGraphics", "BlazorGraphics\BlazorGraphics.csproj", "{CC1F641C-498E-4964-9354-2BF81049BE71}"
EndProject
Global
	GlobalSection(SolutionConfigurationPlatforms) = preSolution
		Debug|Any CPU = Debug|Any CPU
		Release|Any CPU = Release|Any CPU
	EndGlobalSection
	GlobalSection(ProjectConfigurationPlatforms) = postSolution
		{E352AF95-2F00-4999-A92F-FE024DF8C980}.Debug|Any CPU.ActiveCfg = Debug|Any CPU
		{E352AF95-2F00-4999-A92F-FE024DF8C980}.Debug|Any CPU.Build.0 = Debug|Any CPU
		{E352AF95-2F00-4999-A92F-FE024DF8C980}.Release|Any CPU.ActiveCfg = Release|Any CPU
		{E352AF95-2F00-4999-A92F-FE024DF8C980}.Release|Any CPU.Build.0 = Release|Any CPU
		{CC1F641C-498E-4964-9354-2BF81049BE71}.Debug|Any CPU.ActiveCfg = Debug|Any CPU
		{CC1F641C-498E-4964-9354-2BF81049BE71}.Debug|Any CPU.Build.0 = Debug|Any CPU
		{CC1F641C-498E-4964-9354-2BF81049BE71}.Release|Any CPU.ActiveCfg = Release|Any CPU
		{CC1F641C-498E-4964-9354-2BF81049BE71}.Release|Any CPU.Build.0 = Release|Any CPU
	EndGlobalSection
	GlobalSection(SolutionProperties) = preSolution
		HideSolutionNode = FALSE
	EndGlobalSection
	GlobalSection(ExtensibilityGlobals) = postSolution
		SolutionGuid = {61F7FB11-1E47-470C-91E2-47F8143E1572}
	EndGlobalSection
EndGlobal
